
Microsoft Visual Studio Solution File, Format Version 12.00
# Visual Studio Version 16
VisualStudioVersion = 16.0.31911.196
MinimumVisualStudioVersion = 10.0.40219.1
Project("{FAE04EC0-301F-11D3-BF4B-00C04F79EFBC}") = "Lab16", "Lab16\Lab16.csproj", "{5C182069-671D-49F9-B483-4E57F61403E0}"
EndProject
Project("{FAE04EC0-301F-11D3-BF4B-00C04F79EFBC}") = "Lab16.1", "Lab16.1\Lab16.1.csproj", "{1164F34B-035B-43D3-9D23-4E551244B35A}"
EndProject
Global
	GlobalSection(SolutionConfigurationPlatforms) = preSolution
		Debug|Any CPU = Debug|Any CPU
		Release|Any CPU = Release|Any CPU
	EndGlobalSection
	GlobalSection(ProjectConfigurationPlatforms) = postSolution
		{5C182069-671D-49F9-B483-4E57F61403E0}.Debug|Any CPU.ActiveCfg = Debug|Any CPU
		{5C182069-671D-49F9-B483-4E57F61403E0}.Debug|Any CPU.Build.0 = Debug|Any CPU
		{5C182069-671D-49F9-B483-4E57F61403E0}.Release|Any CPU.ActiveCfg = Release|Any CPU
		{5C182069-671D-49F9-B483-4E57F61403E0}.Release|Any CPU.Build.0 = Release|Any CPU
		{1164F34B-035B-43D3-9D23-4E551244B35A}.Debug|Any CPU.ActiveCfg = Debug|Any CPU
		{1164F34B-035B-43D3-9D23-4E551244B35A}.Debug|Any CPU.Build.0 = Debug|Any CPU
		{1164F34B-035B-43D3-9D23-4E551244B35A}.Release|Any CPU.ActiveCfg = Release|Any CPU
		{1164F34B-035B-43D3-9D23-4E551244B35A}.Release|Any CPU.Build.0 = Release|Any CPU
	EndGlobalSection
	GlobalSection(SolutionProperties) = preSolution
		HideSolutionNode = FALSE
	EndGlobalSection
	GlobalSection(ExtensibilityGlobals) = postSolution
		SolutionGuid = {9BBBFEB6-0C97-4C5A-BEAA-B781437A7523}
	EndGlobalSection
EndGlobal
